
Microsoft Visual Studio Solution File, Format Version 12.00
# Visual Studio Version 17
VisualStudioVersion = 17.9.34728.123
MinimumVisualStudioVersion = 10.0.40219.1
Project("{FAE04EC0-301F-11D3-BF4B-00C04F79EFBC}") = "CQRS-without-traditionalservices", "CQRS-without-traditionalservices\CQRS-without-traditionalservices.csproj", "{BD8ECF22-08A7-41F5-BC54-6141D436A401}"
EndProject
Global
	GlobalSection(SolutionConfigurationPlatforms) = preSolution
		Debug|Any CPU = Debug|Any CPU
		Release|Any CPU = Release|Any CPU
	EndGlobalSection
	GlobalSection(ProjectConfigurationPlatforms) = postSolution
		{BD8ECF22-08A7-41F5-BC54-6141D436A401}.Debug|Any CPU.ActiveCfg = Debug|Any CPU
		{BD8ECF22-08A7-41F5-BC54-6141D436A401}.Debug|Any CPU.Build.0 = Debug|Any CPU
		{BD8ECF22-08A7-41F5-BC54-6141D436A401}.Release|Any CPU.ActiveCfg = Release|Any CPU
		{BD8ECF22-08A7-41F5-BC54-6141D436A401}.Release|Any CPU.Build.0 = Release|Any CPU
	EndGlobalSection
	GlobalSection(SolutionProperties) = preSolution
		HideSolutionNode = FALSE
	EndGlobalSection
	GlobalSection(ExtensibilityGlobals) = postSolution
		SolutionGuid = {EEC3E06A-4C8A-4150-8C49-67FDA66FF144}
	EndGlobalSection
EndGlobal
